
Microsoft Visual Studio Solution File, Format Version 12.00
# Visual Studio Version 17
VisualStudioVersion = 17.13.35806.99 d17.13
MinimumVisualStudioVersion = 10.0.40219.1
Project("{FAE04EC0-301F-11D3-BF4B-00C04F79EFBC}") = "BlogNatureDB", "BlogNatureDB.csproj", "{8F4D8C1B-E51C-4504-8278-E77E71C705BD}"
EndProject
Global
	GlobalSection(SolutionConfigurationPlatforms) = preSolution
		Debug|Any CPU = Debug|Any CPU
		Release|Any CPU = Release|Any CPU
	EndGlobalSection
	GlobalSection(ProjectConfigurationPlatforms) = postSolution
		{8F4D8C1B-E51C-4504-8278-E77E71C705BD}.Debug|Any CPU.ActiveCfg = Debug|Any CPU
		{8F4D8C1B-E51C-4504-8278-E77E71C705BD}.Debug|Any CPU.Build.0 = Debug|Any CPU
		{8F4D8C1B-E51C-4504-8278-E77E71C705BD}.Release|Any CPU.ActiveCfg = Release|Any CPU
		{8F4D8C1B-E51C-4504-8278-E77E71C705BD}.Release|Any CPU.Build.0 = Release|Any CPU
	EndGlobalSection
	GlobalSection(SolutionProperties) = preSolution
		HideSolutionNode = FALSE
	EndGlobalSection
	GlobalSection(ExtensibilityGlobals) = postSolution
		SolutionGuid = {7CB3893A-563C-4F63-B40D-19194E3BD7E9}
	EndGlobalSection
EndGlobal
